
Microsoft Visual Studio Solution File, Format Version 12.00
# Visual Studio 15
VisualStudioVersion = 15.0.28307.421
MinimumVisualStudioVersion = 10.0.40219.1
Project("{FAE04EC0-301F-11D3-BF4B-00C04F79EFBC}") = "Page133_일반화클래스", "Page133_일반화클래스\Page133_일반화클래스.csproj", "{38EB99CA-2A3A-4AEC-BAEF-B12F88E175D2}"
EndProject
Global
	GlobalSection(SolutionConfigurationPlatforms) = preSolution
		Debug|Any CPU = Debug|Any CPU
		Release|Any CPU = Release|Any CPU
	EndGlobalSection
	GlobalSection(ProjectConfigurationPlatforms) = postSolution
		{38EB99CA-2A3A-4AEC-BAEF-B12F88E175D2}.Debug|Any CPU.ActiveCfg = Debug|Any CPU
		{38EB99CA-2A3A-4AEC-BAEF-B12F88E175D2}.Debug|Any CPU.Build.0 = Debug|Any CPU
		{38EB99CA-2A3A-4AEC-BAEF-B12F88E175D2}.Release|Any CPU.ActiveCfg = Release|Any CPU
		{38EB99CA-2A3A-4AEC-BAEF-B12F88E175D2}.Release|Any CPU.Build.0 = Release|Any CPU
	EndGlobalSection
	GlobalSection(SolutionProperties) = preSolution
		HideSolutionNode = FALSE
	EndGlobalSection
	GlobalSection(ExtensibilityGlobals) = postSolution
		SolutionGuid = {7EC5E63B-8425-4E6B-A968-D34BDEA48726}
	EndGlobalSection
EndGlobal
