
Microsoft Visual Studio Solution File, Format Version 12.00
# Visual Studio 15
VisualStudioVersion = 15.0.28307.421
MinimumVisualStudioVersion = 10.0.40219.1
Project("{FAE04EC0-301F-11D3-BF4B-00C04F79EFBC}") = "Delegate_LAB", "Delegate_LAB\Delegate_LAB.csproj", "{DA26E276-EA4A-4309-9E6E-AEBC5314FF37}"
EndProject
Global
	GlobalSection(SolutionConfigurationPlatforms) = preSolution
		Debug|Any CPU = Debug|Any CPU
		Release|Any CPU = Release|Any CPU
	EndGlobalSection
	GlobalSection(ProjectConfigurationPlatforms) = postSolution
		{DA26E276-EA4A-4309-9E6E-AEBC5314FF37}.Debug|Any CPU.ActiveCfg = Debug|Any CPU
		{DA26E276-EA4A-4309-9E6E-AEBC5314FF37}.Debug|Any CPU.Build.0 = Debug|Any CPU
		{DA26E276-EA4A-4309-9E6E-AEBC5314FF37}.Release|Any CPU.ActiveCfg = Release|Any CPU
		{DA26E276-EA4A-4309-9E6E-AEBC5314FF37}.Release|Any CPU.Build.0 = Release|Any CPU
	EndGlobalSection
	GlobalSection(SolutionProperties) = preSolution
		HideSolutionNode = FALSE
	EndGlobalSection
	GlobalSection(ExtensibilityGlobals) = postSolution
		SolutionGuid = {DA9D5333-3DAF-4289-8BFD-971B6B7FE5FF}
	EndGlobalSection
EndGlobal
