
Microsoft Visual Studio Solution File, Format Version 12.00
# Visual Studio 15
VisualStudioVersion = 15.0.28307.421
MinimumVisualStudioVersion = 10.0.40219.1
Project("{FAE04EC0-301F-11D3-BF4B-00C04F79EFBC}") = "Delegate_Ex1", "Delegate_Ex1\Delegate_Ex1.csproj", "{D7753A0D-770F-42C9-9600-78F0ED405B68}"
EndProject
Global
	GlobalSection(SolutionConfigurationPlatforms) = preSolution
		Debug|Any CPU = Debug|Any CPU
		Release|Any CPU = Release|Any CPU
	EndGlobalSection
	GlobalSection(ProjectConfigurationPlatforms) = postSolution
		{D7753A0D-770F-42C9-9600-78F0ED405B68}.Debug|Any CPU.ActiveCfg = Debug|Any CPU
		{D7753A0D-770F-42C9-9600-78F0ED405B68}.Debug|Any CPU.Build.0 = Debug|Any CPU
		{D7753A0D-770F-42C9-9600-78F0ED405B68}.Release|Any CPU.ActiveCfg = Release|Any CPU
		{D7753A0D-770F-42C9-9600-78F0ED405B68}.Release|Any CPU.Build.0 = Release|Any CPU
	EndGlobalSection
	GlobalSection(SolutionProperties) = preSolution
		HideSolutionNode = FALSE
	EndGlobalSection
	GlobalSection(ExtensibilityGlobals) = postSolution
		SolutionGuid = {2EDDD790-EA7A-4DD2-94C4-DEC1F7A096B1}
	EndGlobalSection
EndGlobal
